// !$*UTF8*$!
{
	archiveVersion = 1;
	classes = {
	};
	objectVersion = 55;
	objects = {

/* Begin PBXBuildFile section */
		15B6B54329A3B11600BDCD19 /* AppDelegate.swift in Sources */ = {isa = PBXBuildFile; fileRef = 15B6B54229A3B11600BDCD19 /* AppDelegate.swift */; };
		15B6B54529A3B11600BDCD19 /* SceneDelegate.swift in Sources */ = {isa = PBXBuildFile; fileRef = 15B6B54429A3B11600BDCD19 /* SceneDelegate.swift */; };
		15B6B54729A3B11600BDCD19 /* ViewController.swift in Sources */ = {isa = PBXBuildFile; fileRef = 15B6B54629A3B11600BDCD19 /* ViewController.swift */; };
		15B6B54A29A3B11600BDCD19 /* Main.storyboard in Resources */ = {isa = PBXBuildFile; fileRef = 15B6B54829A3B11600BDCD19 /* Main.storyboard */; };
		15B6B54C29A3B11700BDCD19 /* Assets.xcassets in Resources */ = {isa = PBXBuildFile; fileRef = 15B6B54B29A3B11700BDCD19 /* Assets.xcassets */; };
		15B6B54F29A3B11700BDCD19 /* LaunchScreen.storyboard in Resources */ = {isa = PBXBuildFile; fileRef = 15B6B54D29A3B11700BDCD19 /* LaunchScreen.storyboard */; };
		15B6B55729A3D12700BDCD19 /* contactsTableViewController.swift in Sources */ = {isa = PBXBuildFile; fileRef = 15B6B55629A3D12700BDCD19 /* contactsTableViewController.swift */; };
		15B6B55929A3D13900BDCD19 /* detailTableViewController.swift in Sources */ = {isa = PBXBuildFile; fileRef = 15B6B55829A3D13900BDCD19 /* detailTableViewController.swift */; };
		15B6B55B29A3D17500BDCD19 /* editContactTableViewController.swift in Sources */ = {isa = PBXBuildFile; fileRef = 15B6B55A29A3D17500BDCD19 /* editContactTableViewController.swift */; };
		15C969F429A491B8005B94CE /* UIView.swift in Sources */ = {isa = PBXBuildFile; fileRef = 15C969F329A491B8005B94CE /* UIView.swift */; };
		15C969F629A4967B005B94CE /* UIStoryboardSegue.swift in Sources */ = {isa = PBXBuildFile; fileRef = 15C969F529A4967B005B94CE /* UIStoryboardSegue.swift */; };
		15C969F829A49E9A005B94CE /* Contact.swift in Sources */ = {isa = PBXBuildFile; fileRef = 15C969F729A49E9A005B94CE /* Contact.swift */; };
		15C969FA29A4A13E005B94CE /* StateController .swift in Sources */ = {isa = PBXBuildFile; fileRef = 15C969F929A4A13E005B94CE /* StateController .swift */; };
		15C96A2229A53100005B94CE /* ContactTableCell.swift in Sources */ = {isa = PBXBuildFile; fileRef = 15C96A2129A53100005B94CE /* ContactTableCell.swift */; };
/* End PBXBuildFile section */

/* Begin PBXFileReference section */
		15B6B53F29A3B11600BDCD19 /* contact.app */ = {isa = PBXFileReference; explicitFileType = wrapper.application; includeInIndex = 0; path = contact.app; sourceTree = BUILT_PRODUCTS_DIR; };
		15B6B54229A3B11600BDCD19 /* AppDelegate.swift */ = {isa = PBXFileReference; lastKnownFileType = sourcecode.swift; path = AppDelegate.swift; sourceTree = "<group>"; };
		15B6B54429A3B11600BDCD19 /* SceneDelegate.swift */ = {isa = PBXFileReference; lastKnownFileType = sourcecode.swift; path = SceneDelegate.swift; sourceTree = "<group>"; };
		15B6B54629A3B11600BDCD19 /* ViewController.swift */ = {isa = PBXFileReference; lastKnownFileType = sourcecode.swift; path = ViewController.swift; sourceTree = "<group>"; };
		15B6B54929A3B11600BDCD19 /* Base */ = {isa = PBXFileReference; lastKnownFileType = file.storyboard; name = Base; path = Base.lproj/Main.storyboard; sourceTree = "<group>"; };
		15B6B54B29A3B11700BDCD19 /* Assets.xcassets */ = {isa = PBXFileReference; lastKnownFileType = folder.assetcatalog; path = Assets.xcassets; sourceTree = "<group>"; };
		15B6B54E29A3B11700BDCD19 /* Base */ = {isa = PBXFileReference; lastKnownFileType = file.storyboard; name = Base; path = Base.lproj/LaunchScreen.storyboard; sourceTree = "<group>"; };
		15B6B55029A3B11700BDCD19 /* Info.plist */ = {isa = PBXFileReference; lastKnownFileType = text.plist.xml; path = Info.plist; sourceTree = "<group>"; };
		15B6B55629A3D12700BDCD19 /* contactsTableViewController.swift */ = {isa = PBXFileReference; lastKnownFileType = sourcecode.swift; path = contactsTableViewController.swift; sourceTree = "<group>"; };
		15B6B55829A3D13900BDCD19 /* detailTableViewController.swift */ = {isa = PBXFileReference; lastKnownFileType = sourcecode.swift; path = detailTableViewController.swift; sourceTree = "<group>"; };
		15B6B55A29A3D17500BDCD19 /* editContactTableViewController.swift */ = {isa = PBXFileReference; lastKnownFileType = sourcecode.swift; path = editContactTableViewController.swift; sourceTree = "<group>"; };
		15C969F329A491B8005B94CE /* UIView.swift */ = {isa = PBXFileReference; lastKnownFileType = sourcecode.swift; path = UIView.swift; sourceTree = "<group>"; };
		15C969F529A4967B005B94CE /* UIStoryboardSegue.swift */ = {isa = PBXFileReference; lastKnownFileType = sourcecode.swift; path = UIStoryboardSegue.swift; sourceTree = "<group>"; };
		15C969F729A49E9A005B94CE /* Contact.swift */ = {isa = PBXFileReference; lastKnownFileType = sourcecode.swift; path = Contact.swift; sourceTree = "<group>"; };
		15C969F929A4A13E005B94CE /* StateController .swift */ = {isa = PBXFileReference; lastKnownFileType = sourcecode.swift; path = "StateController .swift"; sourceTree = "<group>"; };
		15C96A2129A53100005B94CE /* ContactTableCell.swift */ = {isa = PBXFileReference; lastKnownFileType = sourcecode.swift; path = ContactTableCell.swift; sourceTree = "<group>"; };
/* End PBXFileReference section */

/* Begin PBXFrameworksBuildPhase section */
		15B6B53C29A3B11600BDCD19 /* Frameworks */ = {
			isa = PBXFrameworksBuildPhase;
			buildActionMask = 2147483647;
			files = (
			);
			runOnlyForDeploymentPostprocessing = 0;
		};
/* End PBXFrameworksBuildPhase section */

/* Begin PBXGroup section */
		15B6B53629A3B11600BDCD19 = {
			isa = PBXGroup;
			children = (
				15B6B54129A3B11600BDCD19 /* contact */,
				15B6B54029A3B11600BDCD19 /* Products */,
			);
			sourceTree = "<group>";
		};
		15B6B54029A3B11600BDCD19 /* Products */ = {
			isa = PBXGroup;
			children = (
				15B6B53F29A3B11600BDCD19 /* contact.app */,
			);
			name = Products;
			sourceTree = "<group>";
		};
		15B6B54129A3B11600BDCD19 /* contact */ = {
			isa = PBXGroup;
			children = (
				15B6B54229A3B11600BDCD19 /* AppDelegate.swift */,
				15B6B54429A3B11600BDCD19 /* SceneDelegate.swift */,
				15B6B54629A3B11600BDCD19 /* ViewController.swift */,
				15B6B54829A3B11600BDCD19 /* Main.storyboard */,
				15C96A2129A53100005B94CE /* ContactTableCell.swift */,
				15B6B55629A3D12700BDCD19 /* contactsTableViewController.swift */,
				15B6B55829A3D13900BDCD19 /* detailTableViewController.swift */,
				15B6B55A29A3D17500BDCD19 /* editContactTableViewController.swift */,
				15C969F529A4967B005B94CE /* UIStoryboardSegue.swift */,
				15C969F929A4A13E005B94CE /* StateController .swift */,
				15C969F729A49E9A005B94CE /* Contact.swift */,
				15C969F329A491B8005B94CE /* UIView.swift */,
				15B6B54B29A3B11700BDCD19 /* Assets.xcassets */,
				15B6B54D29A3B11700BDCD19 /* LaunchScreen.storyboard */,
				15B6B55029A3B11700BDCD19 /* Info.plist */,
			);
			path = contact;
			sourceTree = "<group>";
		};
/* End PBXGroup section */

/* Begin PBXNativeTarget section */
		15B6B53E29A3B11600BDCD19 /* contact */ = {
			isa = PBXNativeTarget;
			buildConfigurationList = 15B6B55329A3B11700BDCD19 /* Build configuration list for PBXNativeTarget "contact" */;
			buildPhases = (
				15B6B53B29A3B11600BDCD19 /* Sources */,
				15B6B53C29A3B11600BDCD19 /* Frameworks */,
				15B6B53D29A3B11600BDCD19 /* Resources */,
			);
			buildRules = (
			);
			dependencies = (
			);
			name = contact;
			productName = contact;
			productReference = 15B6B53F29A3B11600BDCD19 /* contact.app */;
			productType = "com.apple.product-type.application";
		};
/* End PBXNativeTarget section */

/* Begin PBXProject section */
		15B6B53729A3B11600BDCD19 /* Project object */ = {
			isa = PBXProject;
			attributes = {
				BuildIndependentTargetsInParallel = 1;
				LastSwiftUpdateCheck = 1410;
				LastUpgradeCheck = 1410;
				TargetAttributes = {
					15B6B53E29A3B11600BDCD19 = {
						CreatedOnToolsVersion = 14.1;
					};
				};
			};
			buildConfigurationList = 15B6B53A29A3B11600BDCD19 /* Build configuration list for PBXProject "contact" */;
			compatibilityVersion = "Xcode 13.0";
			developmentRegion = en;
			hasScannedForEncodings = 0;
			knownRegions = (
				en,
				Base,
			);
			mainGroup = 15B6B53629A3B11600BDCD19;
			productRefGroup = 15B6B54029A3B11600BDCD19 /* Products */;
			projectDirPath = "";
			projectRoot = "";
			targets = (
				15B6B53E29A3B11600BDCD19 /* contact */,
			);
		};
/* End PBXProject section */

/* Begin PBXResourcesBuildPhase section */
		15B6B53D29A3B11600BDCD19 /* Resources */ = {
			isa = PBXResourcesBuildPhase;
			buildActionMask = 2147483647;
			files = (
				15B6B54F29A3B11700BDCD19 /* LaunchScreen.storyboard in Resources */,
				15B6B54C29A3B11700BDCD19 /* Assets.xcassets in Resources */,
				15B6B54A29A3B11600BDCD19 /* Main.storyboard in Resources */,
			);
			runOnlyForDeploymentPostprocessing = 0;
		};
/* End PBXResourcesBuildPhase section */

/* Begin PBXSourcesBuildPhase section */
		15B6B53B29A3B11600BDCD19 /* Sources */ = {
			isa = PBXSourcesBuildPhase;
			buildActionMask = 2147483647;
			files = (
				15C969F829A49E9A005B94CE /* Contact.swift in Sources */,
				15B6B54729A3B11600BDCD19 /* ViewController.swift in Sources */,
				15C969FA29A4A13E005B94CE /* StateController .swift in Sources */,
				15B6B54329A3B11600BDCD19 /* AppDelegate.swift in Sources */,
				15C969F629A4967B005B94CE /* UIStoryboardSegue.swift in Sources */,
				15C96A2229A53100005B94CE /* ContactTableCell.swift in Sources */,
				15B6B55729A3D12700BDCD19 /* contactsTableViewController.swift in Sources */,
				15C969F429A491B8005B94CE /* UIView.swift in Sources */,
				15B6B54529A3B11600BDCD19 /* SceneDelegate.swift in Sources */,
				15B6B55B29A3D17500BDCD19 /* editContactTableViewController.swift in Sources */,
				15B6B55929A3D13900BDCD19 /* detailTableViewController.swift in Sources */,
			);
			runOnlyForDeploymentPostprocessing = 0;
		};
/* End PBXSourcesBuildPhase section */

/* Begin PBXVariantGroup section */
		15B6B54829A3B11600BDCD19 /* Main.storyboard */ = {
			isa = PBXVariantGroup;
			children = (
				15B6B54929A3B11600BDCD19 /* Base */,
			);
			name = Main.storyboard;
			sourceTree = "<group>";
		};
		15B6B54D29A3B11700BDCD19 /* LaunchScreen.storyboard */ = {
			isa = PBXVariantGroup;
			children = (
				15B6B54E29A3B11700BDCD19 /* Base */,
			);
			name = LaunchScreen.storyboard;
			sourceTree = "<group>";
		};
/* End PBXVariantGroup section */

/* Begin XCBuildConfiguration section */
		15B6B55129A3B11700BDCD19 /* Debug */ = {
			isa = XCBuildConfiguration;
			buildSettings = {
				ALWAYS_SEARCH_USER_PATHS = NO;
				CLANG_ANALYZER_NONNULL = YES;
				CLANG_ANALYZER_NUMBER_OBJECT_CONVERSION = YES_AGGRESSIVE;
				CLANG_CXX_LANGUAGE_STANDARD = "gnu++20";
				CLANG_ENABLE_MODULES = YES;
				CLANG_ENABLE_OBJC_ARC = YES;
				CLANG_ENABLE_OBJC_WEAK = YES;
				CLANG_WARN_BLOCK_CAPTURE_AUTORELEASING = YES;
				CLANG_WARN_BOOL_CONVERSION = YES;
				CLANG_WARN_COMMA = YES;
				CLANG_WARN_CONSTANT_CONVERSION = YES;
				CLANG_WARN_DEPRECATED_OBJC_IMPLEMENTATIONS = YES;
				CLANG_WARN_DIRECT_OBJC_ISA_USAGE = YES_ERROR;
				CLANG_WARN_DOCUMENTATION_COMMENTS = YES;
				CLANG_WARN_EMPTY_BODY = YES;
				CLANG_WARN_ENUM_CONVERSION = YES;
				CLANG_WARN_INFINITE_RECURSION = YES;
				CLANG_WARN_INT_CONVERSION = YES;
				CLANG_WARN_NON_LITERAL_NULL_CONVERSION = YES;
				CLANG_WARN_OBJC_IMPLICIT_RETAIN_SELF = YES;
				CLANG_WARN_OBJC_LITERAL_CONVERSION = YES;
				CLANG_WARN_OBJC_ROOT_CLASS = YES_ERROR;
				CLANG_WARN_QUOTED_INCLUDE_IN_FRAMEWORK_HEADER = YES;
				CLANG_WARN_RANGE_LOOP_ANALYSIS = YES;
				CLANG_WARN_STRICT_PROTOTYPES = YES;
				CLANG_WARN_SUSPICIOUS_MOVE = YES;
				CLANG_WARN_UNGUARDED_AVAILABILITY = YES_AGGRESSIVE;
				CLANG_WARN_UNREACHABLE_CODE = YES;
				CLANG_WARN__DUPLICATE_METHOD_MATCH = YES;
				COPY_PHASE_STRIP = NO;
				DEBUG_INFORMATION_FORMAT = dwarf;
				ENABLE_STRICT_OBJC_MSGSEND = YES;
				ENABLE_TESTABILITY = YES;
				GCC_C_LANGUAGE_STANDARD = gnu11;
				GCC_DYNAMIC_NO_PIC = NO;
				GCC_NO_COMMON_BLOCKS = YES;
				GCC_OPTIMIZATION_LEVEL = 0;
				GCC_PREPROCESSOR_DEFINITIONS = (
					"DEBUG=1",
					"$(inherited)",
				);
				GCC_WARN_64_TO_32_BIT_CONVERSION = YES;
				GCC_WARN_ABOUT_RETURN_TYPE = YES_ERROR;
				GCC_WARN_UNDECLARED_SELECTOR = YES;
				GCC_WARN_UNINITIALIZED_AUTOS = YES_AGGRESSIVE;
				GCC_WARN_UNUSED_FUNCTION = YES;
				GCC_WARN_UNUSED_VARIABLE = YES;
				IPHONEOS_DEPLOYMENT_TARGET = 16.1;
				MTL_ENABLE_DEBUG_INFO = INCLUDE_SOURCE;
				MTL_FAST_MATH = YES;
				ONLY_ACTIVE_ARCH = YES;
				SDKROOT = iphoneos;
				SWIFT_ACTIVE_COMPILATION_CONDITIONS = DEBUG;
				SWIFT_OPTIMIZATION_LEVEL = "-Onone";
			};
			name = Debug;
		};
		15B6B55229A3B11700BDCD19 /* Release */ = {
			isa = XCBuildConfiguration;
			buildSettings = {
				ALWAYS_SEARCH_USER_PATHS = NO;
				CLANG_ANALYZER_NONNULL = YES;
				CLANG_ANALYZER_NUMBER_OBJECT_CONVERSION = YES_AGGRESSIVE;
				CLANG_CXX_LANGUAGE_STANDARD = "gnu++20";
				CLANG_ENABLE_MODULES = YES;
				CLANG_ENABLE_OBJC_ARC = YES;
				CLANG_ENABLE_OBJC_WEAK = YES;
				CLANG_WARN_BLOCK_CAPTURE_AUTORELEASING = YES;
				CLANG_WARN_BOOL_CONVERSION = YES;
				CLANG_WARN_COMMA = YES;
				CLANG_WARN_CONSTANT_CONVERSION = YES;
				CLANG_WARN_DEPRECATED_OBJC_IMPLEMENTATIONS = YES;
				CLANG_WARN_DIRECT_OBJC_ISA_USAGE = YES_ERROR;
				CLANG_WARN_DOCUMENTATION_COMMENTS = YES;
				CLANG_WARN_EMPTY_BODY = YES;
				CLANG_WARN_ENUM_CONVERSION = YES;
				CLANG_WARN_INFINITE_RECURSION = YES;
				CLANG_WARN_INT_CONVERSION = YES;
				CLANG_WARN_NON_LITERAL_NULL_CONVERSION = YES;
				CLANG_WARN_OBJC_IMPLICIT_RETAIN_SELF = YES;
				CLANG_WARN_OBJC_LITERAL_CONVERSION = YES;
				CLANG_WARN_OBJC_ROOT_CLASS = YES_ERROR;
				CLANG_WARN_QUOTED_INCLUDE_IN_FRAMEWORK_HEADER = YES;
				CLANG_WARN_RANGE_LOOP_ANALYSIS = YES;
				CLANG_WARN_STRICT_PROTOTYPES = YES;
				CLANG_WARN_SUSPICIOUS_MOVE = YES;
				CLANG_WARN_UNGUARDED_AVAILABILITY = YES_AGGRESSIVE;
				CLANG_WARN_UNREACHABLE_CODE = YES;
				CLANG_WARN__DUPLICATE_METHOD_MATCH = YES;
				COPY_PHASE_STRIP = NO;
				DEBUG_INFORMATION_FORMAT = "dwarf-with-dsym";
				ENABLE_NS_ASSERTIONS = NO;
				ENABLE_STRICT_OBJC_MSGSEND = YES;
				GCC_C_LANGUAGE_STANDARD = gnu11;
				GCC_NO_COMMON_BLOCKS = YES;
				GCC_WARN_64_TO_32_BIT_CONVERSION = YES;
				GCC_WARN_ABOUT_RETURN_TYPE = YES_ERROR;
				GCC_WARN_UNDECLARED_SELECTOR = YES;
				GCC_WARN_UNINITIALIZED_AUTOS = YES_AGGRESSIVE;
				GCC_WARN_UNUSED_FUNCTION = YES;
				GCC_WARN_UNUSED_VARIABLE = YES;
				IPHONEOS_DEPLOYMENT_TARGET = 16.1;
				MTL_ENABLE_DEBUG_INFO = NO;
				MTL_FAST_MATH = YES;
				SDKROOT = iphoneos;
				SWIFT_COMPILATION_MODE = wholemodule;
				SWIFT_OPTIMIZATION_LEVEL = "-O";
				VALIDATE_PRODUCT = YES;
			};
			name = Release;
		};
		15B6B55429A3B11700BDCD19 /* Debug */ = {
			isa = XCBuildConfiguration;
			buildSettings = {
				ASSETCATALOG_COMPILER_APPICON_NAME = AppIcon;
				ASSETCATALOG_COMPILER_GLOBAL_ACCENT_COLOR_NAME = AccentColor;
				CODE_SIGN_STYLE = Automatic;
				CURRENT_PROJECT_VERSION = 1;
				DEVELOPMENT_TEAM = 37D4SXVKKL;
				GENERATE_INFOPLIST_FILE = YES;
				INFOPLIST_FILE = contact/Info.plist;
				INFOPLIST_KEY_UIApplicationSupportsIndirectInputEvents = YES;
				INFOPLIST_KEY_UILaunchStoryboardName = LaunchScreen;
				INFOPLIST_KEY_UIMainStoryboardFile = Main;
				INFOPLIST_KEY_UISupportedInterfaceOrientations_iPad = "UIInterfaceOrientationPortrait UIInterfaceOrientationPortraitUpsideDown UIInterfaceOrientationLandscapeLeft UIInterfaceOrientationLandscapeRight";
				INFOPLIST_KEY_UISupportedInterfaceOrientations_iPhone = "UIInterfaceOrientationPortrait UIInterfaceOrientationLandscapeLeft UIInterfaceOrientationLandscapeRight";
				IPHONEOS_DEPLOYMENT_TARGET = 15.0;
				LD_RUNPATH_SEARCH_PATHS = (
					"$(inherited)",
					"@executable_path/Frameworks",
				);
				MARKETING_VERSION = 1.0;
				PRODUCT_BUNDLE_IDENTIFIER = "PEPUL-TECH-PRIVATE-LIMITED.contact";
				PRODUCT_NAME = "$(TARGET_NAME)";
				SWIFT_EMIT_LOC_STRINGS = YES;
				SWIFT_VERSION = 5.0;
				TARGETED_DEVICE_FAMILY = "1,2";
			};
			name = Debug;
		};
		15B6B55529A3B11700BDCD19 /* Release */ = {
			isa = XCBuildConfiguration;
			buildSettings = {
				ASSETCATALOG_COMPILER_APPICON_NAME = AppIcon;
				ASSETCATALOG_COMPILER_GLOBAL_ACCENT_COLOR_NAME = AccentColor;
				CODE_SIGN_STYLE = Automatic;
				CURRENT_PROJECT_VERSION = 1;
				DEVELOPMENT_TEAM = 37D4SXVKKL;
				GENERATE_INFOPLIST_FILE = YES;
				INFOPLIST_FILE = contact/Info.plist;
				INFOPLIST_KEY_UIApplicationSupportsIndirectInputEvents = YES;
				INFOPLIST_KEY_UILaunchStoryboardName = LaunchScreen;
				INFOPLIST_KEY_UIMainStoryboardFile = Main;
				INFOPLIST_KEY_UISupportedInterfaceOrientations_iPad = "UIInterfaceOrientationPortrait UIInterfaceOrientationPortraitUpsideDown UIInterfaceOrientationLandscapeLeft UIInterfaceOrientationLandscapeRight";
				INFOPLIST_KEY_UISupportedInterfaceOrientations_iPhone = "UIInterfaceOrientationPortrait UIInterfaceOrientationLandscapeLeft UIInterfaceOrientationLandscapeRight";
				IPHONEOS_DEPLOYMENT_TARGET = 15.0;
				LD_RUNPATH_SEARCH_PATHS = (
					"$(inherited)",
					"@executable_path/Frameworks",
				);
				MARKETING_VERSION = 1.0;
				PRODUCT_BUNDLE_IDENTIFIER = "PEPUL-TECH-PRIVATE-LIMITED.contact";
				PRODUCT_NAME = "$(TARGET_NAME)";
				SWIFT_EMIT_LOC_STRINGS = YES;
				SWIFT_VERSION = 5.0;
				TARGETED_DEVICE_FAMILY = "1,2";
			};
			name = Release;
		};
/* End XCBuildConfiguration section */

/* Begin XCConfigurationList section */
		15B6B53A29A3B11600BDCD19 /* Build configuration list for PBXProject "contact" */ = {
			isa = XCConfigurationList;
			buildConfigurations = (
				15B6B55129A3B11700BDCD19 /* Debug */,
				15B6B55229A3B11700BDCD19 /* Release */,
			);
			defaultConfigurationIsVisible = 0;
			defaultConfigurationName = Release;
		};
		15B6B55329A3B11700BDCD19 /* Build configuration list for PBXNativeTarget "contact" */ = {
			isa = XCConfigurationList;
			buildConfigurations = (
				15B6B55429A3B11700BDCD19 /* Debug */,
				15B6B55529A3B11700BDCD19 /* Release */,
			);
			defaultConfigurationIsVisible = 0;
			defaultConfigurationName = Release;
		};
/* End XCConfigurationList section */
	};
	rootObject = 15B6B53729A3B11600BDCD19 /* Project object */;
}
